
Microsoft Visual Studio Solution File, Format Version 12.00
# Visual Studio 15
VisualStudioVersion = 15.0.28307.421
MinimumVisualStudioVersion = 10.0.40219.1
Project("{9A19103F-16F7-4668-BE54-9A1E7A4F7556}") = "ApiCoreAkkaDemo", "WebApplication3\ApiCoreAkkaDemo.csproj", "{B8EDD043-6EBF-4861-BD13-C62CD86885C0}"
EndProject
Project("{2150E333-8FDC-42A3-9474-1A3956D46DE8}") = "SignalR", "SignalR", "{6490DB24-75EC-413F-BFB5-D06D6AA4DDFC}"
EndProject
Global
	GlobalSection(SolutionConfigurationPlatforms) = preSolution
		Debug|Any CPU = Debug|Any CPU
		Release|Any CPU = Release|Any CPU
	EndGlobalSection
	GlobalSection(ProjectConfigurationPlatforms) = postSolution
		{B8EDD043-6EBF-4861-BD13-C62CD86885C0}.Debug|Any CPU.ActiveCfg = Debug|Any CPU
		{B8EDD043-6EBF-4861-BD13-C62CD86885C0}.Debug|Any CPU.Build.0 = Debug|Any CPU
		{B8EDD043-6EBF-4861-BD13-C62CD86885C0}.Release|Any CPU.ActiveCfg = Release|Any CPU
		{B8EDD043-6EBF-4861-BD13-C62CD86885C0}.Release|Any CPU.Build.0 = Release|Any CPU
	EndGlobalSection
	GlobalSection(SolutionProperties) = preSolution
		HideSolutionNode = FALSE
	EndGlobalSection
	GlobalSection(ExtensibilityGlobals) = postSolution
		SolutionGuid = {AC3F3CFD-6445-440E-9D9F-AFF1A04FF554}
	EndGlobalSection
EndGlobal
